
Microsoft Visual Studio Solution File, Format Version 12.00
# Visual Studio Version 17
VisualStudioVersion = 17.9.34902.65
MinimumVisualStudioVersion = 10.0.40219.1
Project("{FAE04EC0-301F-11D3-BF4B-00C04F79EFBC}") = "LeetCode", "LeetCode\LeetCode.csproj", "{D1EE8545-B213-453B-860B-14D6015D2E74}"
EndProject
Global
	GlobalSection(SolutionConfigurationPlatforms) = preSolution
		Debug|Any CPU = Debug|Any CPU
		Release|Any CPU = Release|Any CPU
	EndGlobalSection
	GlobalSection(ProjectConfigurationPlatforms) = postSolution
		{D1EE8545-B213-453B-860B-14D6015D2E74}.Debug|Any CPU.ActiveCfg = Debug|Any CPU
		{D1EE8545-B213-453B-860B-14D6015D2E74}.Debug|Any CPU.Build.0 = Debug|Any CPU
		{D1EE8545-B213-453B-860B-14D6015D2E74}.Release|Any CPU.ActiveCfg = Release|Any CPU
		{D1EE8545-B213-453B-860B-14D6015D2E74}.Release|Any CPU.Build.0 = Release|Any CPU
	EndGlobalSection
	GlobalSection(SolutionProperties) = preSolution
		HideSolutionNode = FALSE
	EndGlobalSection
	GlobalSection(ExtensibilityGlobals) = postSolution
		SolutionGuid = {EE94E3D5-394C-4F85-9EA2-0ABE50766545}
	EndGlobalSection
EndGlobal
